
Microsoft Visual Studio Solution File, Format Version 12.00
# Visual Studio 15
VisualStudioVersion = 15.0.27130.2027
MinimumVisualStudioVersion = 10.0.40219.1
Project("{8BC9CEB8-8B4A-11D0-8D11-00A0C91BC942}") = "ParallCalc1", "ParallCalc1\ParallCalc1.vcxproj", "{D1369B18-4F01-4831-B881-B2B1AC43EEDB}"
EndProject
Global
	GlobalSection(SolutionConfigurationPlatforms) = preSolution
		Debug|x64 = Debug|x64
		Debug|x86 = Debug|x86
		Release|x64 = Release|x64
		Release|x86 = Release|x86
	EndGlobalSection
	GlobalSection(ProjectConfigurationPlatforms) = postSolution
		{D1369B18-4F01-4831-B881-B2B1AC43EEDB}.Debug|x64.ActiveCfg = Debug|x64
		{D1369B18-4F01-4831-B881-B2B1AC43EEDB}.Debug|x64.Build.0 = Debug|x64
		{D1369B18-4F01-4831-B881-B2B1AC43EEDB}.Debug|x86.ActiveCfg = Debug|Win32
		{D1369B18-4F01-4831-B881-B2B1AC43EEDB}.Debug|x86.Build.0 = Debug|Win32
		{D1369B18-4F01-4831-B881-B2B1AC43EEDB}.Release|x64.ActiveCfg = Release|x64
		{D1369B18-4F01-4831-B881-B2B1AC43EEDB}.Release|x64.Build.0 = Release|x64
		{D1369B18-4F01-4831-B881-B2B1AC43EEDB}.Release|x86.ActiveCfg = Release|Win32
		{D1369B18-4F01-4831-B881-B2B1AC43EEDB}.Release|x86.Build.0 = Release|Win32
	EndGlobalSection
	GlobalSection(SolutionProperties) = preSolution
		HideSolutionNode = FALSE
	EndGlobalSection
	GlobalSection(ExtensibilityGlobals) = postSolution
		SolutionGuid = {15F9E3BE-C017-4B63-B22D-4E2C6E36976F}
	EndGlobalSection
EndGlobal
